
Microsoft Visual Studio Solution File, Format Version 12.00
# Visual Studio Version 17
VisualStudioVersion = 17.14.36408.4
MinimumVisualStudioVersion = 10.0.40219.1
Project("{FAE04EC0-301F-11D3-BF4B-00C04F79EFBC}") = "Api", "Api\Api.csproj", "{1FEDB792-C560-499E-B94C-072204A66020}"
EndProject
Project("{FAE04EC0-301F-11D3-BF4B-00C04F79EFBC}") = "Aplication", "Aplication\Aplication.csproj", "{B56DC573-433D-459D-A83C-9CB157C0B9D2}"
EndProject
Project("{FAE04EC0-301F-11D3-BF4B-00C04F79EFBC}") = "Domain", "Domain\Domain.csproj", "{0175430E-0D8D-4910-B816-83E9A6C4F154}"
EndProject
Project("{FAE04EC0-301F-11D3-BF4B-00C04F79EFBC}") = "Infraestructura", "Infraestructura\Infraestructura.csproj", "{6184B939-0B70-41BF-8C72-7CBD279CF2F9}"
EndProject
Global
	GlobalSection(SolutionConfigurationPlatforms) = preSolution
		Debug|Any CPU = Debug|Any CPU
		Release|Any CPU = Release|Any CPU
	EndGlobalSection
	GlobalSection(ProjectConfigurationPlatforms) = postSolution
		{1FEDB792-C560-499E-B94C-072204A66020}.Debug|Any CPU.ActiveCfg = Debug|Any CPU
		{1FEDB792-C560-499E-B94C-072204A66020}.Debug|Any CPU.Build.0 = Debug|Any CPU
		{1FEDB792-C560-499E-B94C-072204A66020}.Release|Any CPU.ActiveCfg = Release|Any CPU
		{1FEDB792-C560-499E-B94C-072204A66020}.Release|Any CPU.Build.0 = Release|Any CPU
		{B56DC573-433D-459D-A83C-9CB157C0B9D2}.Debug|Any CPU.ActiveCfg = Debug|Any CPU
		{B56DC573-433D-459D-A83C-9CB157C0B9D2}.Debug|Any CPU.Build.0 = Debug|Any CPU
		{B56DC573-433D-459D-A83C-9CB157C0B9D2}.Release|Any CPU.ActiveCfg = Release|Any CPU
		{B56DC573-433D-459D-A83C-9CB157C0B9D2}.Release|Any CPU.Build.0 = Release|Any CPU
		{0175430E-0D8D-4910-B816-83E9A6C4F154}.Debug|Any CPU.ActiveCfg = Debug|Any CPU
		{0175430E-0D8D-4910-B816-83E9A6C4F154}.Debug|Any CPU.Build.0 = Debug|Any CPU
		{0175430E-0D8D-4910-B816-83E9A6C4F154}.Release|Any CPU.ActiveCfg = Release|Any CPU
		{0175430E-0D8D-4910-B816-83E9A6C4F154}.Release|Any CPU.Build.0 = Release|Any CPU
		{6184B939-0B70-41BF-8C72-7CBD279CF2F9}.Debug|Any CPU.ActiveCfg = Debug|Any CPU
		{6184B939-0B70-41BF-8C72-7CBD279CF2F9}.Debug|Any CPU.Build.0 = Debug|Any CPU
		{6184B939-0B70-41BF-8C72-7CBD279CF2F9}.Release|Any CPU.ActiveCfg = Release|Any CPU
		{6184B939-0B70-41BF-8C72-7CBD279CF2F9}.Release|Any CPU.Build.0 = Release|Any CPU
	EndGlobalSection
	GlobalSection(SolutionProperties) = preSolution
		HideSolutionNode = FALSE
	EndGlobalSection
	GlobalSection(ExtensibilityGlobals) = postSolution
		SolutionGuid = {BB47DB15-11F0-47E2-A5F0-75ED3304EBD0}
	EndGlobalSection
EndGlobal
